
Microsoft Visual Studio Solution File, Format Version 12.00
# Visual Studio 15
VisualStudioVersion = 15.0.26823.1
MinimumVisualStudioVersion = 10.0.40219.1
Project("{2150E333-8FDC-42A3-9474-1A3956D46DE8}") = "01.Options", "01.Options", "{53072C00-E210-4CEE-8B75-39779D591A92}"
EndProject
Project("{FAE04EC0-301F-11D3-BF4B-00C04F79EFBC}") = "OptionsApp", "OptionsApp\OptionsApp.csproj", "{85928F97-332A-4CF5-B465-D2B16A26CD2F}"
EndProject
Project("{2150E333-8FDC-42A3-9474-1A3956D46DE8}") = "00.Environments", "00.Environments", "{BFE0B8C6-3F8E-4F6F-960F-BA9D808774D3}"
EndProject
Project("{FAE04EC0-301F-11D3-BF4B-00C04F79EFBC}") = "EnvsApp", "EnvsApp\EnvsApp.csproj", "{12F4F733-EE24-43E7-9B3C-E98D013CD81C}"
EndProject
Global
	GlobalSection(SolutionConfigurationPlatforms) = preSolution
		Debug|Any CPU = Debug|Any CPU
		Release|Any CPU = Release|Any CPU
	EndGlobalSection
	GlobalSection(ProjectConfigurationPlatforms) = postSolution
		{85928F97-332A-4CF5-B465-D2B16A26CD2F}.Debug|Any CPU.ActiveCfg = Debug|Any CPU
		{85928F97-332A-4CF5-B465-D2B16A26CD2F}.Debug|Any CPU.Build.0 = Debug|Any CPU
		{85928F97-332A-4CF5-B465-D2B16A26CD2F}.Release|Any CPU.ActiveCfg = Release|Any CPU
		{85928F97-332A-4CF5-B465-D2B16A26CD2F}.Release|Any CPU.Build.0 = Release|Any CPU
		{12F4F733-EE24-43E7-9B3C-E98D013CD81C}.Debug|Any CPU.ActiveCfg = Debug|Any CPU
		{12F4F733-EE24-43E7-9B3C-E98D013CD81C}.Debug|Any CPU.Build.0 = Debug|Any CPU
		{12F4F733-EE24-43E7-9B3C-E98D013CD81C}.Release|Any CPU.ActiveCfg = Release|Any CPU
		{12F4F733-EE24-43E7-9B3C-E98D013CD81C}.Release|Any CPU.Build.0 = Release|Any CPU
	EndGlobalSection
	GlobalSection(SolutionProperties) = preSolution
		HideSolutionNode = FALSE
	EndGlobalSection
	GlobalSection(NestedProjects) = preSolution
		{85928F97-332A-4CF5-B465-D2B16A26CD2F} = {53072C00-E210-4CEE-8B75-39779D591A92}
		{12F4F733-EE24-43E7-9B3C-E98D013CD81C} = {BFE0B8C6-3F8E-4F6F-960F-BA9D808774D3}
	EndGlobalSection
	GlobalSection(ExtensibilityGlobals) = postSolution
		SolutionGuid = {497B464D-9D2E-461A-911C-2C7355F45CA7}
	EndGlobalSection
EndGlobal
